// !$*UTF8*$!
{
	archiveVersion = 1;
	classes = {
	};
	objectVersion = 50;
	objects = {

/* Begin PBXBuildFile section */
		6ECC5FB1271EFBD2002F1DB9 /* AppDelegate.swift in Sources */ = {isa = PBXBuildFile; fileRef = 6ECC5FB0271EFBD2002F1DB9 /* AppDelegate.swift */; };
		6ECC5FB3271EFBD2002F1DB9 /* SceneDelegate.swift in Sources */ = {isa = PBXBuildFile; fileRef = 6ECC5FB2271EFBD2002F1DB9 /* SceneDelegate.swift */; };
		6ECC5FB5271EFBD2002F1DB9 /* HomeViewController.swift in Sources */ = {isa = PBXBuildFile; fileRef = 6ECC5FB4271EFBD2002F1DB9 /* HomeViewController.swift */; };
		6ECC5FB8271EFBD2002F1DB9 /* Main.storyboard in Resources */ = {isa = PBXBuildFile; fileRef = 6ECC5FB6271EFBD2002F1DB9 /* Main.storyboard */; };
		6ECC5FBA271EFBD9002F1DB9 /* Assets.xcassets in Resources */ = {isa = PBXBuildFile; fileRef = 6ECC5FB9271EFBD9002F1DB9 /* Assets.xcassets */; };
		6ECC5FBD271EFBD9002F1DB9 /* LaunchScreen.storyboard in Resources */ = {isa = PBXBuildFile; fileRef = 6ECC5FBB271EFBD9002F1DB9 /* LaunchScreen.storyboard */; };
		6ECC5FC8271F01B6002F1DB9 /* ResultViewController.swift in Sources */ = {isa = PBXBuildFile; fileRef = 6ECC5FC7271F01B6002F1DB9 /* ResultViewController.swift */; };
/* End PBXBuildFile section */

/* Begin PBXFileReference section */
		6ECC5FAD271EFBD2002F1DB9 /* DiscountAppMulControllers.app */ = {isa = PBXFileReference; explicitFileType = wrapper.application; includeInIndex = 0; path = DiscountAppMulControllers.app; sourceTree = BUILT_PRODUCTS_DIR; };
		6ECC5FB0271EFBD2002F1DB9 /* AppDelegate.swift */ = {isa = PBXFileReference; lastKnownFileType = sourcecode.swift; path = AppDelegate.swift; sourceTree = "<group>"; };
		6ECC5FB2271EFBD2002F1DB9 /* SceneDelegate.swift */ = {isa = PBXFileReference; lastKnownFileType = sourcecode.swift; path = SceneDelegate.swift; sourceTree = "<group>"; };
		6ECC5FB4271EFBD2002F1DB9 /* HomeViewController.swift */ = {isa = PBXFileReference; lastKnownFileType = sourcecode.swift; path = HomeViewController.swift; sourceTree = "<group>"; };
		6ECC5FB7271EFBD2002F1DB9 /* Base */ = {isa = PBXFileReference; lastKnownFileType = file.storyboard; name = Base; path = Base.lproj/Main.storyboard; sourceTree = "<group>"; };
		6ECC5FB9271EFBD9002F1DB9 /* Assets.xcassets */ = {isa = PBXFileReference; lastKnownFileType = folder.assetcatalog; path = Assets.xcassets; sourceTree = "<group>"; };
		6ECC5FBC271EFBD9002F1DB9 /* Base */ = {isa = PBXFileReference; lastKnownFileType = file.storyboard; name = Base; path = Base.lproj/LaunchScreen.storyboard; sourceTree = "<group>"; };
		6ECC5FBE271EFBD9002F1DB9 /* Info.plist */ = {isa = PBXFileReference; lastKnownFileType = text.plist.xml; path = Info.plist; sourceTree = "<group>"; };
		6ECC5FC7271F01B6002F1DB9 /* ResultViewController.swift */ = {isa = PBXFileReference; lastKnownFileType = sourcecode.swift; path = ResultViewController.swift; sourceTree = "<group>"; };
/* End PBXFileReference section */

/* Begin PBXFrameworksBuildPhase section */
		6ECC5FAA271EFBD2002F1DB9 /* Frameworks */ = {
			isa = PBXFrameworksBuildPhase;
			buildActionMask = 2147483647;
			files = (
			);
			runOnlyForDeploymentPostprocessing = 0;
		};
/* End PBXFrameworksBuildPhase section */

/* Begin PBXGroup section */
		6ECC5FA4271EFBD2002F1DB9 = {
			isa = PBXGroup;
			children = (
				6ECC5FAF271EFBD2002F1DB9 /* DiscountAppMulControllers */,
				6ECC5FAE271EFBD2002F1DB9 /* Products */,
			);
			sourceTree = "<group>";
		};
		6ECC5FAE271EFBD2002F1DB9 /* Products */ = {
			isa = PBXGroup;
			children = (
				6ECC5FAD271EFBD2002F1DB9 /* DiscountAppMulControllers.app */,
			);
			name = Products;
			sourceTree = "<group>";
		};
		6ECC5FAF271EFBD2002F1DB9 /* DiscountAppMulControllers */ = {
			isa = PBXGroup;
			children = (
				6ECC5FB0271EFBD2002F1DB9 /* AppDelegate.swift */,
				6ECC5FB2271EFBD2002F1DB9 /* SceneDelegate.swift */,
				6ECC5FB4271EFBD2002F1DB9 /* HomeViewController.swift */,
				6ECC5FB6271EFBD2002F1DB9 /* Main.storyboard */,
				6ECC5FB9271EFBD9002F1DB9 /* Assets.xcassets */,
				6ECC5FBB271EFBD9002F1DB9 /* LaunchScreen.storyboard */,
				6ECC5FBE271EFBD9002F1DB9 /* Info.plist */,
				6ECC5FC7271F01B6002F1DB9 /* ResultViewController.swift */,
			);
			path = DiscountAppMulControllers;
			sourceTree = "<group>";
		};
/* End PBXGroup section */

/* Begin PBXNativeTarget section */
		6ECC5FAC271EFBD2002F1DB9 /* DiscountAppMulControllers */ = {
			isa = PBXNativeTarget;
			buildConfigurationList = 6ECC5FC1271EFBD9002F1DB9 /* Build configuration list for PBXNativeTarget "DiscountAppMulControllers" */;
			buildPhases = (
				6ECC5FA9271EFBD2002F1DB9 /* Sources */,
				6ECC5FAA271EFBD2002F1DB9 /* Frameworks */,
				6ECC5FAB271EFBD2002F1DB9 /* Resources */,
			);
			buildRules = (
			);
			dependencies = (
			);
			name = DiscountAppMulControllers;
			productName = DiscountAppMulControllers;
			productReference = 6ECC5FAD271EFBD2002F1DB9 /* DiscountAppMulControllers.app */;
			productType = "com.apple.product-type.application";
		};
/* End PBXNativeTarget section */

/* Begin PBXProject section */
		6ECC5FA5271EFBD2002F1DB9 /* Project object */ = {
			isa = PBXProject;
			attributes = {
				LastSwiftUpdateCheck = 1240;
				LastUpgradeCheck = 1240;
				TargetAttributes = {
					6ECC5FAC271EFBD2002F1DB9 = {
						CreatedOnToolsVersion = 12.4;
					};
				};
			};
			buildConfigurationList = 6ECC5FA8271EFBD2002F1DB9 /* Build configuration list for PBXProject "DiscountAppMulControllers" */;
			compatibilityVersion = "Xcode 9.3";
			developmentRegion = en;
			hasScannedForEncodings = 0;
			knownRegions = (
				en,
				Base,
			);
			mainGroup = 6ECC5FA4271EFBD2002F1DB9;
			productRefGroup = 6ECC5FAE271EFBD2002F1DB9 /* Products */;
			projectDirPath = "";
			projectRoot = "";
			targets = (
				6ECC5FAC271EFBD2002F1DB9 /* DiscountAppMulControllers */,
			);
		};
/* End PBXProject section */

/* Begin PBXResourcesBuildPhase section */
		6ECC5FAB271EFBD2002F1DB9 /* Resources */ = {
			isa = PBXResourcesBuildPhase;
			buildActionMask = 2147483647;
			files = (
				6ECC5FBD271EFBD9002F1DB9 /* LaunchScreen.storyboard in Resources */,
				6ECC5FBA271EFBD9002F1DB9 /* Assets.xcassets in Resources */,
				6ECC5FB8271EFBD2002F1DB9 /* Main.storyboard in Resources */,
			);
			runOnlyForDeploymentPostprocessing = 0;
		};
/* End PBXResourcesBuildPhase section */

/* Begin PBXSourcesBuildPhase section */
		6ECC5FA9271EFBD2002F1DB9 /* Sources */ = {
			isa = PBXSourcesBuildPhase;
			buildActionMask = 2147483647;
			files = (
				6ECC5FB5271EFBD2002F1DB9 /* HomeViewController.swift in Sources */,
				6ECC5FB1271EFBD2002F1DB9 /* AppDelegate.swift in Sources */,
				6ECC5FB3271EFBD2002F1DB9 /* SceneDelegate.swift in Sources */,
				6ECC5FC8271F01B6002F1DB9 /* ResultViewController.swift in Sources */,
			);
			runOnlyForDeploymentPostprocessing = 0;
		};
/* End PBXSourcesBuildPhase section */

/* Begin PBXVariantGroup section */
		6ECC5FB6271EFBD2002F1DB9 /* Main.storyboard */ = {
			isa = PBXVariantGroup;
			children = (
				6ECC5FB7271EFBD2002F1DB9 /* Base */,
			);
			name = Main.storyboard;
			sourceTree = "<group>";
		};
		6ECC5FBB271EFBD9002F1DB9 /* LaunchScreen.storyboard */ = {
			isa = PBXVariantGroup;
			children = (
				6ECC5FBC271EFBD9002F1DB9 /* Base */,
			);
			name = LaunchScreen.storyboard;
			sourceTree = "<group>";
		};
/* End PBXVariantGroup section */

/* Begin XCBuildConfiguration section */
		6ECC5FBF271EFBD9002F1DB9 /* Debug */ = {
			isa = XCBuildConfiguration;
			buildSettings = {
				ALWAYS_SEARCH_USER_PATHS = NO;
				CLANG_ANALYZER_NONNULL = YES;
				CLANG_ANALYZER_NUMBER_OBJECT_CONVERSION = YES_AGGRESSIVE;
				CLANG_CXX_LANGUAGE_STANDARD = "gnu++14";
				CLANG_CXX_LIBRARY = "libc++";
				CLANG_ENABLE_MODULES = YES;
				CLANG_ENABLE_OBJC_ARC = YES;
				CLANG_ENABLE_OBJC_WEAK = YES;
				CLANG_WARN_BLOCK_CAPTURE_AUTORELEASING = YES;
				CLANG_WARN_BOOL_CONVERSION = YES;
				CLANG_WARN_COMMA = YES;
				CLANG_WARN_CONSTANT_CONVERSION = YES;
				CLANG_WARN_DEPRECATED_OBJC_IMPLEMENTATIONS = YES;
				CLANG_WARN_DIRECT_OBJC_ISA_USAGE = YES_ERROR;
				CLANG_WARN_DOCUMENTATION_COMMENTS = YES;
				CLANG_WARN_EMPTY_BODY = YES;
				CLANG_WARN_ENUM_CONVERSION = YES;
				CLANG_WARN_INFINITE_RECURSION = YES;
				CLANG_WARN_INT_CONVERSION = YES;
				CLANG_WARN_NON_LITERAL_NULL_CONVERSION = YES;
				CLANG_WARN_OBJC_IMPLICIT_RETAIN_SELF = YES;
				CLANG_WARN_OBJC_LITERAL_CONVERSION = YES;
				CLANG_WARN_OBJC_ROOT_CLASS = YES_ERROR;
				CLANG_WARN_QUOTED_INCLUDE_IN_FRAMEWORK_HEADER = YES;
				CLANG_WARN_RANGE_LOOP_ANALYSIS = YES;
				CLANG_WARN_STRICT_PROTOTYPES = YES;
				CLANG_WARN_SUSPICIOUS_MOVE = YES;
				CLANG_WARN_UNGUARDED_AVAILABILITY = YES_AGGRESSIVE;
				CLANG_WARN_UNREACHABLE_CODE = YES;
				CLANG_WARN__DUPLICATE_METHOD_MATCH = YES;
				COPY_PHASE_STRIP = NO;
				DEBUG_INFORMATION_FORMAT = dwarf;
				ENABLE_STRICT_OBJC_MSGSEND = YES;
				ENABLE_TESTABILITY = YES;
				GCC_C_LANGUAGE_STANDARD = gnu11;
				GCC_DYNAMIC_NO_PIC = NO;
				GCC_NO_COMMON_BLOCKS = YES;
				GCC_OPTIMIZATION_LEVEL = 0;
				GCC_PREPROCESSOR_DEFINITIONS = (
					"DEBUG=1",
					"$(inherited)",
				);
				GCC_WARN_64_TO_32_BIT_CONVERSION = YES;
				GCC_WARN_ABOUT_RETURN_TYPE = YES_ERROR;
				GCC_WARN_UNDECLARED_SELECTOR = YES;
				GCC_WARN_UNINITIALIZED_AUTOS = YES_AGGRESSIVE;
				GCC_WARN_UNUSED_FUNCTION = YES;
				GCC_WARN_UNUSED_VARIABLE = YES;
				IPHONEOS_DEPLOYMENT_TARGET = 14.4;
				MTL_ENABLE_DEBUG_INFO = INCLUDE_SOURCE;
				MTL_FAST_MATH = YES;
				ONLY_ACTIVE_ARCH = YES;
				SDKROOT = iphoneos;
				SWIFT_ACTIVE_COMPILATION_CONDITIONS = DEBUG;
				SWIFT_OPTIMIZATION_LEVEL = "-Onone";
			};
			name = Debug;
		};
		6ECC5FC0271EFBD9002F1DB9 /* Release */ = {
			isa = XCBuildConfiguration;
			buildSettings = {
				ALWAYS_SEARCH_USER_PATHS = NO;
				CLANG_ANALYZER_NONNULL = YES;
				CLANG_ANALYZER_NUMBER_OBJECT_CONVERSION = YES_AGGRESSIVE;
				CLANG_CXX_LANGUAGE_STANDARD = "gnu++14";
				CLANG_CXX_LIBRARY = "libc++";
				CLANG_ENABLE_MODULES = YES;
				CLANG_ENABLE_OBJC_ARC = YES;
				CLANG_ENABLE_OBJC_WEAK = YES;
				CLANG_WARN_BLOCK_CAPTURE_AUTORELEASING = YES;
				CLANG_WARN_BOOL_CONVERSION = YES;
				CLANG_WARN_COMMA = YES;
				CLANG_WARN_CONSTANT_CONVERSION = YES;
				CLANG_WARN_DEPRECATED_OBJC_IMPLEMENTATIONS = YES;
				CLANG_WARN_DIRECT_OBJC_ISA_USAGE = YES_ERROR;
				CLANG_WARN_DOCUMENTATION_COMMENTS = YES;
				CLANG_WARN_EMPTY_BODY = YES;
				CLANG_WARN_ENUM_CONVERSION = YES;
				CLANG_WARN_INFINITE_RECURSION = YES;
				CLANG_WARN_INT_CONVERSION = YES;
				CLANG_WARN_NON_LITERAL_NULL_CONVERSION = YES;
				CLANG_WARN_OBJC_IMPLICIT_RETAIN_SELF = YES;
				CLANG_WARN_OBJC_LITERAL_CONVERSION = YES;
				CLANG_WARN_OBJC_ROOT_CLASS = YES_ERROR;
				CLANG_WARN_QUOTED_INCLUDE_IN_FRAMEWORK_HEADER = YES;
				CLANG_WARN_RANGE_LOOP_ANALYSIS = YES;
				CLANG_WARN_STRICT_PROTOTYPES = YES;
				CLANG_WARN_SUSPICIOUS_MOVE = YES;
				CLANG_WARN_UNGUARDED_AVAILABILITY = YES_AGGRESSIVE;
				CLANG_WARN_UNREACHABLE_CODE = YES;
				CLANG_WARN__DUPLICATE_METHOD_MATCH = YES;
				COPY_PHASE_STRIP = NO;
				DEBUG_INFORMATION_FORMAT = "dwarf-with-dsym";
				ENABLE_NS_ASSERTIONS = NO;
				ENABLE_STRICT_OBJC_MSGSEND = YES;
				GCC_C_LANGUAGE_STANDARD = gnu11;
				GCC_NO_COMMON_BLOCKS = YES;
				GCC_WARN_64_TO_32_BIT_CONVERSION = YES;
				GCC_WARN_ABOUT_RETURN_TYPE = YES_ERROR;
				GCC_WARN_UNDECLARED_SELECTOR = YES;
				GCC_WARN_UNINITIALIZED_AUTOS = YES_AGGRESSIVE;
				GCC_WARN_UNUSED_FUNCTION = YES;
				GCC_WARN_UNUSED_VARIABLE = YES;
				IPHONEOS_DEPLOYMENT_TARGET = 14.4;
				MTL_ENABLE_DEBUG_INFO = NO;
				MTL_FAST_MATH = YES;
				SDKROOT = iphoneos;
				SWIFT_COMPILATION_MODE = wholemodule;
				SWIFT_OPTIMIZATION_LEVEL = "-O";
				VALIDATE_PRODUCT = YES;
			};
			name = Release;
		};
		6ECC5FC2271EFBD9002F1DB9 /* Debug */ = {
			isa = XCBuildConfiguration;
			buildSettings = {
				ASSETCATALOG_COMPILER_APPICON_NAME = AppIcon;
				ASSETCATALOG_COMPILER_GLOBAL_ACCENT_COLOR_NAME = AccentColor;
				CODE_SIGN_STYLE = Automatic;
				INFOPLIST_FILE = DiscountAppMulControllers/Info.plist;
				LD_RUNPATH_SEARCH_PATHS = (
					"$(inherited)",
					"@executable_path/Frameworks",
				);
				PRODUCT_BUNDLE_IDENTIFIER = practice.DiscountAppMulControllers;
				PRODUCT_NAME = "$(TARGET_NAME)";
				SWIFT_VERSION = 5.0;
				TARGETED_DEVICE_FAMILY = "1,2";
			};
			name = Debug;
		};
		6ECC5FC3271EFBD9002F1DB9 /* Release */ = {
			isa = XCBuildConfiguration;
			buildSettings = {
				ASSETCATALOG_COMPILER_APPICON_NAME = AppIcon;
				ASSETCATALOG_COMPILER_GLOBAL_ACCENT_COLOR_NAME = AccentColor;
				CODE_SIGN_STYLE = Automatic;
				INFOPLIST_FILE = DiscountAppMulControllers/Info.plist;
				LD_RUNPATH_SEARCH_PATHS = (
					"$(inherited)",
					"@executable_path/Frameworks",
				);
				PRODUCT_BUNDLE_IDENTIFIER = practice.DiscountAppMulControllers;
				PRODUCT_NAME = "$(TARGET_NAME)";
				SWIFT_VERSION = 5.0;
				TARGETED_DEVICE_FAMILY = "1,2";
			};
			name = Release;
		};
/* End XCBuildConfiguration section */

/* Begin XCConfigurationList section */
		6ECC5FA8271EFBD2002F1DB9 /* Build configuration list for PBXProject "DiscountAppMulControllers" */ = {
			isa = XCConfigurationList;
			buildConfigurations = (
				6ECC5FBF271EFBD9002F1DB9 /* Debug */,
				6ECC5FC0271EFBD9002F1DB9 /* Release */,
			);
			defaultConfigurationIsVisible = 0;
			defaultConfigurationName = Release;
		};
		6ECC5FC1271EFBD9002F1DB9 /* Build configuration list for PBXNativeTarget "DiscountAppMulControllers" */ = {
			isa = XCConfigurationList;
			buildConfigurations = (
				6ECC5FC2271EFBD9002F1DB9 /* Debug */,
				6ECC5FC3271EFBD9002F1DB9 /* Release */,
			);
			defaultConfigurationIsVisible = 0;
			defaultConfigurationName = Release;
		};
/* End XCConfigurationList section */
	};
	rootObject = 6ECC5FA5271EFBD2002F1DB9 /* Project object */;
}
